{
  "object": {
    "pins": [
      {
        "package": "Kingfisher",
        "repositoryURL": "https://github.com/onevcat/Kingfisher.git",
        "state": {
          "branch": null,
          "revision": "32e4acdf6971f58f5ad552389cf2d7d016334eaf",
          "version": "7.2.0"
        }
      },
      {
        "package": "Stevia",
        "repositoryURL": "https://github.com/freshOS/Stevia",
        "state": {
          "branch": "master",
          "revision": "a32dc3c015fe583080f4947edf795bced9a11108",
          "version": null
        }
      },
      {
        "package": "YouTubeiOSPlayerHelper",
        "repositoryURL": "https://github.com/youtube/youtube-ios-player-helper.git",
        "state": {
          "branch": null,
          "revision": "f57129cd4380ec0a74dd3a59da3270a1d653d59b",
          "version": "1.0.4"
        }
      }
    ]
  },
  "version": 1
}
