// !$*UTF8*$!
{
	archiveVersion = 1;
	classes = {
	};
	objectVersion = 55;
	objects = {

/* Begin PBXBuildFile section */
		046D316327EC169E00BA3B8F /* DetailVC.swift in Sources */ = {isa = PBXBuildFile; fileRef = 046D316227EC169E00BA3B8F /* DetailVC.swift */; };
		047A43D727EB2DDC00E72D9F /* AppDelegate.swift in Sources */ = {isa = PBXBuildFile; fileRef = 047A43D627EB2DDC00E72D9F /* AppDelegate.swift */; };
		047A43DB27EB2DDC00E72D9F /* MainVC.swift in Sources */ = {isa = PBXBuildFile; fileRef = 047A43DA27EB2DDC00E72D9F /* MainVC.swift */; };
		047A43E027EB2DDD00E72D9F /* Assets.xcassets in Resources */ = {isa = PBXBuildFile; fileRef = 047A43DF27EB2DDD00E72D9F /* Assets.xcassets */; };
		047A43EC27EB2E1B00E72D9F /* Stevia in Frameworks */ = {isa = PBXBuildFile; productRef = 047A43EB27EB2E1B00E72D9F /* Stevia */; };
		047A43EE27EB310000E72D9F /* MainTableViewCell.swift in Sources */ = {isa = PBXBuildFile; fileRef = 047A43ED27EB310000E72D9F /* MainTableViewCell.swift */; };
		047A43F027EB323000E72D9F /* AnimeData.swift in Sources */ = {isa = PBXBuildFile; fileRef = 047A43EF27EB323000E72D9F /* AnimeData.swift */; };
		047A43F527EB365E00E72D9F /* Attributes.swift in Sources */ = {isa = PBXBuildFile; fileRef = 047A43F427EB365E00E72D9F /* Attributes.swift */; };
		047A43FB27EB399B00E72D9F /* Networking.swift in Sources */ = {isa = PBXBuildFile; fileRef = 047A43FA27EB399B00E72D9F /* Networking.swift */; };
		047A440327EB41D400E72D9F /* Anime.swift in Sources */ = {isa = PBXBuildFile; fileRef = 047A440227EB41D400E72D9F /* Anime.swift */; };
		047A440527EB756600E72D9F /* PosterImage.swift in Sources */ = {isa = PBXBuildFile; fileRef = 047A440427EB756600E72D9F /* PosterImage.swift */; };
		047A440727EB762500E72D9F /* CoverImage.swift in Sources */ = {isa = PBXBuildFile; fileRef = 047A440627EB762500E72D9F /* CoverImage.swift */; };
		047A440A27EB7B6200E72D9F /* Kingfisher in Frameworks */ = {isa = PBXBuildFile; productRef = 047A440927EB7B6200E72D9F /* Kingfisher */; };
/* End PBXBuildFile section */

/* Begin PBXFileReference section */
		046D316227EC169E00BA3B8F /* DetailVC.swift */ = {isa = PBXFileReference; lastKnownFileType = sourcecode.swift; path = DetailVC.swift; sourceTree = "<group>"; };
		047A43D327EB2DDC00E72D9F /* AnimeSearch.app */ = {isa = PBXFileReference; explicitFileType = wrapper.application; includeInIndex = 0; path = AnimeSearch.app; sourceTree = BUILT_PRODUCTS_DIR; };
		047A43D627EB2DDC00E72D9F /* AppDelegate.swift */ = {isa = PBXFileReference; lastKnownFileType = sourcecode.swift; path = AppDelegate.swift; sourceTree = "<group>"; };
		047A43DA27EB2DDC00E72D9F /* MainVC.swift */ = {isa = PBXFileReference; lastKnownFileType = sourcecode.swift; path = MainVC.swift; sourceTree = "<group>"; };
		047A43DF27EB2DDD00E72D9F /* Assets.xcassets */ = {isa = PBXFileReference; lastKnownFileType = folder.assetcatalog; path = Assets.xcassets; sourceTree = "<group>"; };
		047A43E427EB2DDD00E72D9F /* Info.plist */ = {isa = PBXFileReference; lastKnownFileType = text.plist.xml; path = Info.plist; sourceTree = "<group>"; };
		047A43ED27EB310000E72D9F /* MainTableViewCell.swift */ = {isa = PBXFileReference; lastKnownFileType = sourcecode.swift; path = MainTableViewCell.swift; sourceTree = "<group>"; };
		047A43EF27EB323000E72D9F /* AnimeData.swift */ = {isa = PBXFileReference; lastKnownFileType = sourcecode.swift; path = AnimeData.swift; sourceTree = "<group>"; };
		047A43F427EB365E00E72D9F /* Attributes.swift */ = {isa = PBXFileReference; lastKnownFileType = sourcecode.swift; path = Attributes.swift; sourceTree = "<group>"; };
		047A43FA27EB399B00E72D9F /* Networking.swift */ = {isa = PBXFileReference; lastKnownFileType = sourcecode.swift; path = Networking.swift; sourceTree = "<group>"; };
		047A440227EB41D400E72D9F /* Anime.swift */ = {isa = PBXFileReference; lastKnownFileType = sourcecode.swift; path = Anime.swift; sourceTree = "<group>"; };
		047A440427EB756600E72D9F /* PosterImage.swift */ = {isa = PBXFileReference; lastKnownFileType = sourcecode.swift; path = PosterImage.swift; sourceTree = "<group>"; };
		047A440627EB762500E72D9F /* CoverImage.swift */ = {isa = PBXFileReference; lastKnownFileType = sourcecode.swift; path = CoverImage.swift; sourceTree = "<group>"; };
/* End PBXFileReference section */

/* Begin PBXFrameworksBuildPhase section */
		047A43D027EB2DDC00E72D9F /* Frameworks */ = {
			isa = PBXFrameworksBuildPhase;
			buildActionMask = 2147483647;
			files = (
				047A440A27EB7B6200E72D9F /* Kingfisher in Frameworks */,
				047A43EC27EB2E1B00E72D9F /* Stevia in Frameworks */,
			);
			runOnlyForDeploymentPostprocessing = 0;
		};
/* End PBXFrameworksBuildPhase section */

/* Begin PBXGroup section */
		046D316827EC8D1100BA3B8F /* DetailVC */ = {
			isa = PBXGroup;
			children = (
				046D316227EC169E00BA3B8F /* DetailVC.swift */,
			);
			path = DetailVC;
			sourceTree = "<group>";
		};
		046D316C27EC977400BA3B8F /* Services */ = {
			isa = PBXGroup;
			children = (
				047A43FA27EB399B00E72D9F /* Networking.swift */,
			);
			path = Services;
			sourceTree = "<group>";
		};
		047A43CA27EB2DDC00E72D9F = {
			isa = PBXGroup;
			children = (
				047A43D527EB2DDC00E72D9F /* AnimeSearch */,
				047A43D427EB2DDC00E72D9F /* Products */,
			);
			sourceTree = "<group>";
		};
		047A43D427EB2DDC00E72D9F /* Products */ = {
			isa = PBXGroup;
			children = (
				047A43D327EB2DDC00E72D9F /* AnimeSearch.app */,
			);
			name = Products;
			sourceTree = "<group>";
		};
		047A43D527EB2DDC00E72D9F /* AnimeSearch */ = {
			isa = PBXGroup;
			children = (
				047A43D627EB2DDC00E72D9F /* AppDelegate.swift */,
				047A43F227EB361600E72D9F /* ViewControllers */,
				047A43F127EB360700E72D9F /* Models */,
				046D316C27EC977400BA3B8F /* Services */,
				047A43E427EB2DDD00E72D9F /* Info.plist */,
				047A43DF27EB2DDD00E72D9F /* Assets.xcassets */,
			);
			path = AnimeSearch;
			sourceTree = "<group>";
		};
		047A43F127EB360700E72D9F /* Models */ = {
			isa = PBXGroup;
			children = (
				047A43EF27EB323000E72D9F /* AnimeData.swift */,
				047A440227EB41D400E72D9F /* Anime.swift */,
				047A43F427EB365E00E72D9F /* Attributes.swift */,
				047A440627EB762500E72D9F /* CoverImage.swift */,
				047A440427EB756600E72D9F /* PosterImage.swift */,
			);
			path = Models;
			sourceTree = "<group>";
		};
		047A43F227EB361600E72D9F /* ViewControllers */ = {
			isa = PBXGroup;
			children = (
				046D316827EC8D1100BA3B8F /* DetailVC */,
				047A43F327EB362000E72D9F /* MainVC */,
			);
			path = ViewControllers;
			sourceTree = "<group>";
		};
		047A43F327EB362000E72D9F /* MainVC */ = {
			isa = PBXGroup;
			children = (
				047A43DA27EB2DDC00E72D9F /* MainVC.swift */,
				047A43ED27EB310000E72D9F /* MainTableViewCell.swift */,
			);
			path = MainVC;
			sourceTree = "<group>";
		};
/* End PBXGroup section */

/* Begin PBXNativeTarget section */
		047A43D227EB2DDC00E72D9F /* AnimeSearch */ = {
			isa = PBXNativeTarget;
			buildConfigurationList = 047A43E727EB2DDD00E72D9F /* Build configuration list for PBXNativeTarget "AnimeSearch" */;
			buildPhases = (
				047A43CF27EB2DDC00E72D9F /* Sources */,
				047A43D027EB2DDC00E72D9F /* Frameworks */,
				047A43D127EB2DDC00E72D9F /* Resources */,
			);
			buildRules = (
			);
			dependencies = (
			);
			name = AnimeSearch;
			packageProductDependencies = (
				047A43EB27EB2E1B00E72D9F /* Stevia */,
				047A440927EB7B6200E72D9F /* Kingfisher */,
			);
			productName = AnimeSearch;
			productReference = 047A43D327EB2DDC00E72D9F /* AnimeSearch.app */;
			productType = "com.apple.product-type.application";
		};
/* End PBXNativeTarget section */

/* Begin PBXProject section */
		047A43CB27EB2DDC00E72D9F /* Project object */ = {
			isa = PBXProject;
			attributes = {
				BuildIndependentTargetsInParallel = 1;
				LastSwiftUpdateCheck = 1320;
				LastUpgradeCheck = 1320;
				TargetAttributes = {
					047A43D227EB2DDC00E72D9F = {
						CreatedOnToolsVersion = 13.2.1;
					};
				};
			};
			buildConfigurationList = 047A43CE27EB2DDC00E72D9F /* Build configuration list for PBXProject "AnimeSearch" */;
			compatibilityVersion = "Xcode 13.0";
			developmentRegion = en;
			hasScannedForEncodings = 0;
			knownRegions = (
				en,
				Base,
			);
			mainGroup = 047A43CA27EB2DDC00E72D9F;
			packageReferences = (
				047A43EA27EB2E1B00E72D9F /* XCRemoteSwiftPackageReference "Stevia" */,
				047A440827EB7B6200E72D9F /* XCRemoteSwiftPackageReference "Kingfisher" */,
			);
			productRefGroup = 047A43D427EB2DDC00E72D9F /* Products */;
			projectDirPath = "";
			projectRoot = "";
			targets = (
				047A43D227EB2DDC00E72D9F /* AnimeSearch */,
			);
		};
/* End PBXProject section */

/* Begin PBXResourcesBuildPhase section */
		047A43D127EB2DDC00E72D9F /* Resources */ = {
			isa = PBXResourcesBuildPhase;
			buildActionMask = 2147483647;
			files = (
				047A43E027EB2DDD00E72D9F /* Assets.xcassets in Resources */,
			);
			runOnlyForDeploymentPostprocessing = 0;
		};
/* End PBXResourcesBuildPhase section */

/* Begin PBXSourcesBuildPhase section */
		047A43CF27EB2DDC00E72D9F /* Sources */ = {
			isa = PBXSourcesBuildPhase;
			buildActionMask = 2147483647;
			files = (
				047A43F027EB323000E72D9F /* AnimeData.swift in Sources */,
				047A440727EB762500E72D9F /* CoverImage.swift in Sources */,
				047A43F527EB365E00E72D9F /* Attributes.swift in Sources */,
				046D316327EC169E00BA3B8F /* DetailVC.swift in Sources */,
				047A43FB27EB399B00E72D9F /* Networking.swift in Sources */,
				047A440527EB756600E72D9F /* PosterImage.swift in Sources */,
				047A440327EB41D400E72D9F /* Anime.swift in Sources */,
				047A43DB27EB2DDC00E72D9F /* MainVC.swift in Sources */,
				047A43EE27EB310000E72D9F /* MainTableViewCell.swift in Sources */,
				047A43D727EB2DDC00E72D9F /* AppDelegate.swift in Sources */,
			);
			runOnlyForDeploymentPostprocessing = 0;
		};
/* End PBXSourcesBuildPhase section */

/* Begin XCBuildConfiguration section */
		047A43E527EB2DDD00E72D9F /* Debug */ = {
			isa = XCBuildConfiguration;
			buildSettings = {
				ALWAYS_SEARCH_USER_PATHS = NO;
				CLANG_ANALYZER_NONNULL = YES;
				CLANG_ANALYZER_NUMBER_OBJECT_CONVERSION = YES_AGGRESSIVE;
				CLANG_CXX_LANGUAGE_STANDARD = "gnu++17";
				CLANG_CXX_LIBRARY = "libc++";
				CLANG_ENABLE_MODULES = YES;
				CLANG_ENABLE_OBJC_ARC = YES;
				CLANG_ENABLE_OBJC_WEAK = YES;
				CLANG_WARN_BLOCK_CAPTURE_AUTORELEASING = YES;
				CLANG_WARN_BOOL_CONVERSION = YES;
				CLANG_WARN_COMMA = YES;
				CLANG_WARN_CONSTANT_CONVERSION = YES;
				CLANG_WARN_DEPRECATED_OBJC_IMPLEMENTATIONS = YES;
				CLANG_WARN_DIRECT_OBJC_ISA_USAGE = YES_ERROR;
				CLANG_WARN_DOCUMENTATION_COMMENTS = YES;
				CLANG_WARN_EMPTY_BODY = YES;
				CLANG_WARN_ENUM_CONVERSION = YES;
				CLANG_WARN_INFINITE_RECURSION = YES;
				CLANG_WARN_INT_CONVERSION = YES;
				CLANG_WARN_NON_LITERAL_NULL_CONVERSION = YES;
				CLANG_WARN_OBJC_IMPLICIT_RETAIN_SELF = YES;
				CLANG_WARN_OBJC_LITERAL_CONVERSION = YES;
				CLANG_WARN_OBJC_ROOT_CLASS = YES_ERROR;
				CLANG_WARN_QUOTED_INCLUDE_IN_FRAMEWORK_HEADER = YES;
				CLANG_WARN_RANGE_LOOP_ANALYSIS = YES;
				CLANG_WARN_STRICT_PROTOTYPES = YES;
				CLANG_WARN_SUSPICIOUS_MOVE = YES;
				CLANG_WARN_UNGUARDED_AVAILABILITY = YES_AGGRESSIVE;
				CLANG_WARN_UNREACHABLE_CODE = YES;
				CLANG_WARN__DUPLICATE_METHOD_MATCH = YES;
				COPY_PHASE_STRIP = NO;
				DEBUG_INFORMATION_FORMAT = dwarf;
				ENABLE_STRICT_OBJC_MSGSEND = YES;
				ENABLE_TESTABILITY = YES;
				GCC_C_LANGUAGE_STANDARD = gnu11;
				GCC_DYNAMIC_NO_PIC = NO;
				GCC_NO_COMMON_BLOCKS = YES;
				GCC_OPTIMIZATION_LEVEL = 0;
				GCC_PREPROCESSOR_DEFINITIONS = (
					"DEBUG=1",
					"$(inherited)",
				);
				GCC_WARN_64_TO_32_BIT_CONVERSION = YES;
				GCC_WARN_ABOUT_RETURN_TYPE = YES_ERROR;
				GCC_WARN_UNDECLARED_SELECTOR = YES;
				GCC_WARN_UNINITIALIZED_AUTOS = YES_AGGRESSIVE;
				GCC_WARN_UNUSED_FUNCTION = YES;
				GCC_WARN_UNUSED_VARIABLE = YES;
				IPHONEOS_DEPLOYMENT_TARGET = 15.2;
				MTL_ENABLE_DEBUG_INFO = INCLUDE_SOURCE;
				MTL_FAST_MATH = YES;
				ONLY_ACTIVE_ARCH = YES;
				SDKROOT = iphoneos;
				SWIFT_ACTIVE_COMPILATION_CONDITIONS = DEBUG;
				SWIFT_OPTIMIZATION_LEVEL = "-Onone";
			};
			name = Debug;
		};
		047A43E627EB2DDD00E72D9F /* Release */ = {
			isa = XCBuildConfiguration;
			buildSettings = {
				ALWAYS_SEARCH_USER_PATHS = NO;
				CLANG_ANALYZER_NONNULL = YES;
				CLANG_ANALYZER_NUMBER_OBJECT_CONVERSION = YES_AGGRESSIVE;
				CLANG_CXX_LANGUAGE_STANDARD = "gnu++17";
				CLANG_CXX_LIBRARY = "libc++";
				CLANG_ENABLE_MODULES = YES;
				CLANG_ENABLE_OBJC_ARC = YES;
				CLANG_ENABLE_OBJC_WEAK = YES;
				CLANG_WARN_BLOCK_CAPTURE_AUTORELEASING = YES;
				CLANG_WARN_BOOL_CONVERSION = YES;
				CLANG_WARN_COMMA = YES;
				CLANG_WARN_CONSTANT_CONVERSION = YES;
				CLANG_WARN_DEPRECATED_OBJC_IMPLEMENTATIONS = YES;
				CLANG_WARN_DIRECT_OBJC_ISA_USAGE = YES_ERROR;
				CLANG_WARN_DOCUMENTATION_COMMENTS = YES;
				CLANG_WARN_EMPTY_BODY = YES;
				CLANG_WARN_ENUM_CONVERSION = YES;
				CLANG_WARN_INFINITE_RECURSION = YES;
				CLANG_WARN_INT_CONVERSION = YES;
				CLANG_WARN_NON_LITERAL_NULL_CONVERSION = YES;
				CLANG_WARN_OBJC_IMPLICIT_RETAIN_SELF = YES;
				CLANG_WARN_OBJC_LITERAL_CONVERSION = YES;
				CLANG_WARN_OBJC_ROOT_CLASS = YES_ERROR;
				CLANG_WARN_QUOTED_INCLUDE_IN_FRAMEWORK_HEADER = YES;
				CLANG_WARN_RANGE_LOOP_ANALYSIS = YES;
				CLANG_WARN_STRICT_PROTOTYPES = YES;
				CLANG_WARN_SUSPICIOUS_MOVE = YES;
				CLANG_WARN_UNGUARDED_AVAILABILITY = YES_AGGRESSIVE;
				CLANG_WARN_UNREACHABLE_CODE = YES;
				CLANG_WARN__DUPLICATE_METHOD_MATCH = YES;
				COPY_PHASE_STRIP = NO;
				DEBUG_INFORMATION_FORMAT = "dwarf-with-dsym";
				ENABLE_NS_ASSERTIONS = NO;
				ENABLE_STRICT_OBJC_MSGSEND = YES;
				GCC_C_LANGUAGE_STANDARD = gnu11;
				GCC_NO_COMMON_BLOCKS = YES;
				GCC_WARN_64_TO_32_BIT_CONVERSION = YES;
				GCC_WARN_ABOUT_RETURN_TYPE = YES_ERROR;
				GCC_WARN_UNDECLARED_SELECTOR = YES;
				GCC_WARN_UNINITIALIZED_AUTOS = YES_AGGRESSIVE;
				GCC_WARN_UNUSED_FUNCTION = YES;
				GCC_WARN_UNUSED_VARIABLE = YES;
				IPHONEOS_DEPLOYMENT_TARGET = 15.2;
				MTL_ENABLE_DEBUG_INFO = NO;
				MTL_FAST_MATH = YES;
				SDKROOT = iphoneos;
				SWIFT_COMPILATION_MODE = wholemodule;
				SWIFT_OPTIMIZATION_LEVEL = "-O";
				VALIDATE_PRODUCT = YES;
			};
			name = Release;
		};
		047A43E827EB2DDD00E72D9F /* Debug */ = {
			isa = XCBuildConfiguration;
			buildSettings = {
				ASSETCATALOG_COMPILER_APPICON_NAME = AppIcon;
				ASSETCATALOG_COMPILER_GLOBAL_ACCENT_COLOR_NAME = AccentColor;
				CODE_SIGN_STYLE = Automatic;
				CURRENT_PROJECT_VERSION = 1;
				DEVELOPMENT_TEAM = PV67ZXYZ65;
				GENERATE_INFOPLIST_FILE = YES;
				INFOPLIST_FILE = AnimeSearch/Info.plist;
				INFOPLIST_KEY_UIApplicationSupportsIndirectInputEvents = YES;
				INFOPLIST_KEY_UILaunchStoryboardName = LaunchScreen;
				INFOPLIST_KEY_UISupportedInterfaceOrientations = UIInterfaceOrientationPortrait;
				INFOPLIST_KEY_UISupportedInterfaceOrientations_iPad = "UIInterfaceOrientationPortrait UIInterfaceOrientationPortraitUpsideDown UIInterfaceOrientationLandscapeLeft UIInterfaceOrientationLandscapeRight";
				INFOPLIST_KEY_UISupportedInterfaceOrientations_iPhone = "UIInterfaceOrientationPortrait UIInterfaceOrientationLandscapeLeft UIInterfaceOrientationLandscapeRight";
				LD_RUNPATH_SEARCH_PATHS = (
					"$(inherited)",
					"@executable_path/Frameworks",
				);
				MARKETING_VERSION = 1.0;
				PRODUCT_BUNDLE_IDENTIFIER = test.AnimeSearch;
				PRODUCT_NAME = "$(TARGET_NAME)";
				SWIFT_EMIT_LOC_STRINGS = YES;
				SWIFT_VERSION = 5.0;
				TARGETED_DEVICE_FAMILY = "1,2";
			};
			name = Debug;
		};
		047A43E927EB2DDD00E72D9F /* Release */ = {
			isa = XCBuildConfiguration;
			buildSettings = {
				ASSETCATALOG_COMPILER_APPICON_NAME = AppIcon;
				ASSETCATALOG_COMPILER_GLOBAL_ACCENT_COLOR_NAME = AccentColor;
				CODE_SIGN_STYLE = Automatic;
				CURRENT_PROJECT_VERSION = 1;
				DEVELOPMENT_TEAM = PV67ZXYZ65;
				GENERATE_INFOPLIST_FILE = YES;
				INFOPLIST_FILE = AnimeSearch/Info.plist;
				INFOPLIST_KEY_UIApplicationSupportsIndirectInputEvents = YES;
				INFOPLIST_KEY_UILaunchStoryboardName = LaunchScreen;
				INFOPLIST_KEY_UISupportedInterfaceOrientations = UIInterfaceOrientationPortrait;
				INFOPLIST_KEY_UISupportedInterfaceOrientations_iPad = "UIInterfaceOrientationPortrait UIInterfaceOrientationPortraitUpsideDown UIInterfaceOrientationLandscapeLeft UIInterfaceOrientationLandscapeRight";
				INFOPLIST_KEY_UISupportedInterfaceOrientations_iPhone = "UIInterfaceOrientationPortrait UIInterfaceOrientationLandscapeLeft UIInterfaceOrientationLandscapeRight";
				LD_RUNPATH_SEARCH_PATHS = (
					"$(inherited)",
					"@executable_path/Frameworks",
				);
				MARKETING_VERSION = 1.0;
				PRODUCT_BUNDLE_IDENTIFIER = test.AnimeSearch;
				PRODUCT_NAME = "$(TARGET_NAME)";
				SWIFT_EMIT_LOC_STRINGS = YES;
				SWIFT_VERSION = 5.0;
				TARGETED_DEVICE_FAMILY = "1,2";
			};
			name = Release;
		};
/* End XCBuildConfiguration section */

/* Begin XCConfigurationList section */
		047A43CE27EB2DDC00E72D9F /* Build configuration list for PBXProject "AnimeSearch" */ = {
			isa = XCConfigurationList;
			buildConfigurations = (
				047A43E527EB2DDD00E72D9F /* Debug */,
				047A43E627EB2DDD00E72D9F /* Release */,
			);
			defaultConfigurationIsVisible = 0;
			defaultConfigurationName = Release;
		};
		047A43E727EB2DDD00E72D9F /* Build configuration list for PBXNativeTarget "AnimeSearch" */ = {
			isa = XCConfigurationList;
			buildConfigurations = (
				047A43E827EB2DDD00E72D9F /* Debug */,
				047A43E927EB2DDD00E72D9F /* Release */,
			);
			defaultConfigurationIsVisible = 0;
			defaultConfigurationName = Release;
		};
/* End XCConfigurationList section */

/* Begin XCRemoteSwiftPackageReference section */
		047A43EA27EB2E1B00E72D9F /* XCRemoteSwiftPackageReference "Stevia" */ = {
			isa = XCRemoteSwiftPackageReference;
			repositoryURL = "https://github.com/freshOS/Stevia";
			requirement = {
				branch = master;
				kind = branch;
			};
		};
		047A440827EB7B6200E72D9F /* XCRemoteSwiftPackageReference "Kingfisher" */ = {
			isa = XCRemoteSwiftPackageReference;
			repositoryURL = "https://github.com/onevcat/Kingfisher.git";
			requirement = {
				kind = upToNextMajorVersion;
				minimumVersion = 7.0.0;
			};
		};
/* End XCRemoteSwiftPackageReference section */

/* Begin XCSwiftPackageProductDependency section */
		047A43EB27EB2E1B00E72D9F /* Stevia */ = {
			isa = XCSwiftPackageProductDependency;
			package = 047A43EA27EB2E1B00E72D9F /* XCRemoteSwiftPackageReference "Stevia" */;
			productName = Stevia;
		};
		047A440927EB7B6200E72D9F /* Kingfisher */ = {
			isa = XCSwiftPackageProductDependency;
			package = 047A440827EB7B6200E72D9F /* XCRemoteSwiftPackageReference "Kingfisher" */;
			productName = Kingfisher;
		};
/* End XCSwiftPackageProductDependency section */
	};
	rootObject = 047A43CB27EB2DDC00E72D9F /* Project object */;
}
